{
  "version": 4,
  "terraform_version": "1.14.7",
  "serial": 190,
  "lineage": "5a60f464-0be3-80ee-3722-91e4aac99b91",
  "outputs": {},
  "resources": [
    {
      "mode": "managed",
      "type": "aws_vpc",
      "name": "grand_cineplex_vpc",
      "provider": "provider[\"registry.terraform.io/hashicorp/aws\"]",
      "instances": [
        {
          "schema_version": 1,
          "attributes": {
            "arn": "arn:aws:ec2:ap-southeast-1:707694917286:vpc/vpc-03af043a4033b66ac",
            "assign_generated_ipv6_cidr_block": false,
            "cidr_block": "10.0.0.0/16",
            "default_network_acl_id": "acl-0c26e958d8173d4ca",
            "default_route_table_id": "rtb-0849ec4b582611858",
            "default_security_group_id": "sg-019bfdd8061e6c205",
            "dhcp_options_id": "dopt-005beb6c73b3a14e0",
            "enable_dns_hostnames": true,
            "enable_dns_support": true,
            "enable_network_address_usage_metrics": false,
            "id": "vpc-03af043a4033b66ac",
            "instance_tenancy": "default",
            "ipv4_ipam_pool_id": null,
            "ipv4_netmask_length": null,
            "ipv6_association_id": "",
            "ipv6_cidr_block": "",
            "ipv6_cidr_block_network_border_group": "",
            "ipv6_ipam_pool_id": "",
            "ipv6_netmask_length": 0,
            "main_route_table_id": "rtb-0849ec4b582611858",
            "owner_id": "707694917286",
            "tags": {
              "Name": "grand_cineplex-vpc"
            },
            "tags_all": {
              "Name": "grand_cineplex-vpc"
            }
          },
          "sensitive_attributes": [],
          "identity_schema_version": 0,
          "private": "eyJzY2hlbWFfdmVyc2lvbiI6IjEifQ=="
        }
      ]
    }
  ],
  "check_results": null
}
